{
  "version": 4,
  "terraform_version": "1.15.2",
  "serial": 10,
  "lineage": "758f34d6-d13a-92ef-bfd1-e96698d976fd",
  "outputs": {},
  "resources": [
    {
      "mode": "managed",
      "type": "aws_iam_policy",
      "name": "AmazonS3FilesFullAccess_Policy",
      "provider": "provider[\"registry.terraform.io/hashicorp/aws\"]",
      "instances": [
        {
          "schema_version": 0,
          "attributes": {
            "arn": "arn:aws:iam::127696279224:policy/AmazonS3FilesFullAccess_Policy",
            "attachment_count": 0,
            "delay_after_policy_creation_in_ms": null,
            "description": "",
            "id": "arn:aws:iam::127696279224:policy/AmazonS3FilesFullAccess_Policy",
            "name": "AmazonS3FilesFullAccess_Policy",
            "name_prefix": "",
            "path": "/",
            "policy": "{\"Statement\":[{\"Action\":\"s3files:*\",\"Effect\":\"Allow\",\"Resource\":\"*\",\"Sid\":\"S3FilesPermissions\"},{\"Action\":[\"ec2:DescribeSubnets\",\"ec2:DescribeNetworkInterfaces\",\"ec2:DescribeNetworkInterfaceAttribute\",\"ec2:CreateNetworkInterface\",\"ec2:DeleteNetworkInterface\",\"ec2:ModifyNetworkInterfaceAttribute\",\"ec2:DescribeSecurityGroups\",\"ec2:DescribeVpcs\",\"ec2:DescribeAvailabilityZones\"],\"Effect\":\"Allow\",\"Resource\":\"*\",\"Sid\":\"EC2NetworkingPermissions\"},{\"Action\":[\"s3:GetBucketNotification\",\"s3:PutBucketNotification\"],\"Effect\":\"Allow\",\"Resource\":\"arn:aws:s3:::*\",\"Sid\":\"S3BucketPermissions\"}],\"Version\":\"2012-10-17\"}",
            "policy_id": "ANPAR3O2KS24FKG5E7CBA",
            "tags": null,
            "tags_all": {}
          },
          "sensitive_attributes": [],
          "identity_schema_version": 0,
          "identity": {
            "arn": "arn:aws:iam::127696279224:policy/AmazonS3FilesFullAccess_Policy"
          },
          "private": "bnVsbA=="
        }
      ]
    },
    {
      "mode": "managed",
      "type": "aws_iam_user_policy_attachment",
      "name": "attach_policy",
      "provider": "provider[\"registry.terraform.io/hashicorp/aws\"]",
      "instances": [
        {
          "schema_version": 0,
          "attributes": {
            "id": "awaqar/arn:aws:iam::127696279224:policy/AmazonS3FilesFullAccess_Policy",
            "policy_arn": "arn:aws:iam::127696279224:policy/AmazonS3FilesFullAccess_Policy",
            "user": "awaqar"
          },
          "sensitive_attributes": [],
          "identity_schema_version": 0,
          "identity": {
            "account_id": "127696279224",
            "policy_arn": "arn:aws:iam::127696279224:policy/AmazonS3FilesFullAccess_Policy",
            "user": "awaqar"
          },
          "private": "bnVsbA==",
          "dependencies": [
            "aws_iam_policy.AmazonS3FilesFullAccess_Policy"
          ]
        }
      ]
    },
    {
      "mode": "managed",
      "type": "aws_s3_bucket",
      "name": "mys3bucket",
      "provider": "provider[\"registry.terraform.io/hashicorp/aws\"]",
      "instances": [
        {
          "schema_version": 0,
          "attributes": {
            "acceleration_status": "",
            "acl": null,
            "arn": "arn:aws:s3:::s3bucket-wqr4743",
            "bucket": "s3bucket-wqr4743",
            "bucket_domain_name": "s3bucket-wqr4743.s3.amazonaws.com",
            "bucket_namespace": "global",
            "bucket_prefix": "",
            "bucket_region": "us-west-2",
            "bucket_regional_domain_name": "s3bucket-wqr4743.s3.us-west-2.amazonaws.com",
            "cors_rule": [],
            "force_destroy": false,
            "grant": [
              {
                "id": "8363d47ac0e9cc8b01e3ad5bc2148f8a7d5e957d9c678e95dd041fc17d017c22",
                "permissions": [
                  "FULL_CONTROL"
                ],
                "type": "CanonicalUser",
                "uri": ""
              }
            ],
            "hosted_zone_id": "Z3BJ6K6RIION7M",
            "id": "s3bucket-wqr4743",
            "lifecycle_rule": [],
            "logging": [],
            "object_lock_configuration": [],
            "object_lock_enabled": false,
            "policy": "",
            "region": "us-west-2",
            "replication_configuration": [],
            "request_payer": "BucketOwner",
            "server_side_encryption_configuration": [
              {
                "rule": [
                  {
                    "apply_server_side_encryption_by_default": [
                      {
                        "kms_master_key_id": "",
                        "sse_algorithm": "AES256"
                      }
                    ],
                    "bucket_key_enabled": false
                  }
                ]
              }
            ],
            "tags": null,
            "tags_all": {},
            "timeouts": null,
            "versioning": [
              {
                "enabled": false,
                "mfa_delete": false
              }
            ],
            "website": [],
            "website_domain": null,
            "website_endpoint": null
          },
          "sensitive_attributes": [],
          "identity_schema_version": 0,
          "identity": {
            "account_id": "127696279224",
            "bucket": "s3bucket-wqr4743",
            "region": "us-west-2"
          },
          "private": "eyJlMmJmYjczMC1lY2FhLTExZTYtOGY4OC0zNDM2M2JjN2M0YzAiOnsiY3JlYXRlIjoxMjAwMDAwMDAwMDAwLCJkZWxldGUiOjM2MDAwMDAwMDAwMDAsInJlYWQiOjEyMDAwMDAwMDAwMDAsInVwZGF0ZSI6MTIwMDAwMDAwMDAwMH19"
        }
      ]
    }
  ],
  "check_results": null
}
